
Microsoft Visual Studio Solution File, Format Version 12.00
# Visual Studio Version 17
VisualStudioVersion = 17.5.002.0
MinimumVisualStudioVersion = 10.0.40219.1
Project("{9A19103F-16F7-4668-BE54-9A1E7A4F7556}") = "PokedexAPI", "PokedexAPI.csproj", "{4BF45EB6-CEF7-4BAF-B91D-B756BEED23CB}"
EndProject
Global
	GlobalSection(SolutionConfigurationPlatforms) = preSolution
		Debug|Any CPU = Debug|Any CPU
		Release|Any CPU = Release|Any CPU
	EndGlobalSection
	GlobalSection(ProjectConfigurationPlatforms) = postSolution
		{4BF45EB6-CEF7-4BAF-B91D-B756BEED23CB}.Debug|Any CPU.ActiveCfg = Debug|Any CPU
		{4BF45EB6-CEF7-4BAF-B91D-B756BEED23CB}.Debug|Any CPU.Build.0 = Debug|Any CPU
		{4BF45EB6-CEF7-4BAF-B91D-B756BEED23CB}.Release|Any CPU.ActiveCfg = Release|Any CPU
		{4BF45EB6-CEF7-4BAF-B91D-B756BEED23CB}.Release|Any CPU.Build.0 = Release|Any CPU
	EndGlobalSection
	GlobalSection(SolutionProperties) = preSolution
		HideSolutionNode = FALSE
	EndGlobalSection
	GlobalSection(ExtensibilityGlobals) = postSolution
		SolutionGuid = {555737E2-6381-43B7-815C-38E2B90DFF5A}
	EndGlobalSection
EndGlobal
